
Microsoft Visual Studio Solution File, Format Version 12.00
# Visual Studio Version 17
VisualStudioVersion = 17.0.31612.314
MinimumVisualStudioVersion = 10.0.40219.1
Project("{9A19103F-16F7-4668-BE54-9A1E7A4F7556}") = "ResignBSP", "ResignBSP\ResignBSP.csproj", "{342EAEFF-B2BB-4F0B-ABF3-86485F29E993}"
EndProject
Global
	GlobalSection(SolutionConfigurationPlatforms) = preSolution
		Debug|Any CPU = Debug|Any CPU
		Release|Any CPU = Release|Any CPU
	EndGlobalSection
	GlobalSection(ProjectConfigurationPlatforms) = postSolution
		{342EAEFF-B2BB-4F0B-ABF3-86485F29E993}.Debug|Any CPU.ActiveCfg = Debug|Any CPU
		{342EAEFF-B2BB-4F0B-ABF3-86485F29E993}.Debug|Any CPU.Build.0 = Debug|Any CPU
		{342EAEFF-B2BB-4F0B-ABF3-86485F29E993}.Release|Any CPU.ActiveCfg = Release|Any CPU
		{342EAEFF-B2BB-4F0B-ABF3-86485F29E993}.Release|Any CPU.Build.0 = Release|Any CPU
	EndGlobalSection
	GlobalSection(SolutionProperties) = preSolution
		HideSolutionNode = FALSE
	EndGlobalSection
	GlobalSection(ExtensibilityGlobals) = postSolution
		SolutionGuid = {20934C3A-37E1-43B8-9A57-BAAEA45D9204}
	EndGlobalSection
EndGlobal
